# THIS IS AN AUTOGENERATED FILE. DO NOT EDIT THIS FILE DIRECTLY.
# yarn lockfile v1


type-fest@latest:
  version "3.10.0"
  resolved "http://hnpm.hupu.io/type-fest/-/type-fest-3.10.0.tgz#d75f17a22be8816aea6315ab2739fe1c0c211863"
  integrity sha512-hmAPf1datm+gt3c2mvu0sJyhFy6lTkIGf0GzyaZWxRLnabQfPUqg6tF95RPg6sLxKI7nFLGdFxBcf2/7+GXI+A==
